// !$*UTF8*$!
{
	archiveVersion = 1;
	classes = {
	};
	objectVersion = 56;
	objects = {

/* Begin PBXBuildFile section */
		61AC2B8977CA310B6234BBF9 /* Pods_RightNow.framework in Frameworks */ = {isa = PBXBuildFile; fileRef = DEE003D28412605570144465 /* Pods_RightNow.framework */; };
		FB0E0E6B2B7FB140003177AF /* AccountabilityViewController.swift in Sources */ = {isa = PBXBuildFile; fileRef = FB0E0E6A2B7FB140003177AF /* AccountabilityViewController.swift */; };
		FB0E0E6D2B8117E9003177AF /* MurphyjitsuViewController.swift in Sources */ = {isa = PBXBuildFile; fileRef = FB0E0E6C2B8117E9003177AF /* MurphyjitsuViewController.swift */; };
		FB0E0E6F2B814143003177AF /* HabitProgressViewController.swift in Sources */ = {isa = PBXBuildFile; fileRef = FB0E0E6E2B814143003177AF /* HabitProgressViewController.swift */; };
		FB0E0E712B8142A9003177AF /* HabitCurrentLevelView.swift in Sources */ = {isa = PBXBuildFile; fileRef = FB0E0E702B8142A9003177AF /* HabitCurrentLevelView.swift */; };
		FB0E0E752B828B57003177AF /* HabitGoalLevelView.swift in Sources */ = {isa = PBXBuildFile; fileRef = FB0E0E742B828B57003177AF /* HabitGoalLevelView.swift */; };
		FB0E0E772B883A53003177AF /* ProgressionViewController.swift in Sources */ = {isa = PBXBuildFile; fileRef = FB0E0E762B883A53003177AF /* ProgressionViewController.swift */; };
		FB22A7B42AB7D49C00F63D42 /* AppDelegate.swift in Sources */ = {isa = PBXBuildFile; fileRef = FB22A7B32AB7D49C00F63D42 /* AppDelegate.swift */; };
		FB22A7B62AB7D49C00F63D42 /* SceneDelegate.swift in Sources */ = {isa = PBXBuildFile; fileRef = FB22A7B52AB7D49C00F63D42 /* SceneDelegate.swift */; };
		FB22A7BD2AB7D49E00F63D42 /* Assets.xcassets in Resources */ = {isa = PBXBuildFile; fileRef = FB22A7BC2AB7D49E00F63D42 /* Assets.xcassets */; };
		FB22A7C02AB7D49E00F63D42 /* LaunchScreen.storyboard in Resources */ = {isa = PBXBuildFile; fileRef = FB22A7BE2AB7D49E00F63D42 /* LaunchScreen.storyboard */; };
		FB22A7D22AB7DCD300F63D42 /* CameraController.swift in Sources */ = {isa = PBXBuildFile; fileRef = FB22A7D12AB7DCD300F63D42 /* CameraController.swift */; };
		FB22A7D72AB7E3A000F63D42 /* AppState.swift in Sources */ = {isa = PBXBuildFile; fileRef = FB22A7D62AB7E3A000F63D42 /* AppState.swift */; };
		FB22A7DB2AB7E3D400F63D42 /* User.swift in Sources */ = {isa = PBXBuildFile; fileRef = FB22A7DA2AB7E3D400F63D42 /* User.swift */; };
		FB22A7E12AB7E48400F63D42 /* GoogleService-Info.plist in Resources */ = {isa = PBXBuildFile; fileRef = FB22A7E02AB7E48400F63D42 /* GoogleService-Info.plist */; };
		FB22A7E82AB7E52E00F63D42 /* SignInViewModel.swift in Sources */ = {isa = PBXBuildFile; fileRef = FB22A7E72AB7E52E00F63D42 /* SignInViewModel.swift */; };
		FB22A7EA2AB7E56100F63D42 /* SignUpViewModel.swift in Sources */ = {isa = PBXBuildFile; fileRef = FB22A7E92AB7E56100F63D42 /* SignUpViewModel.swift */; };
		FB22A7EC2AB7E58200F63D42 /* StatusViewModel.swift in Sources */ = {isa = PBXBuildFile; fileRef = FB22A7EB2AB7E58200F63D42 /* StatusViewModel.swift */; };
		FB22A7EE2AB7E5F700F63D42 /* SignUpViewController.swift in Sources */ = {isa = PBXBuildFile; fileRef = FB22A7ED2AB7E5F700F63D42 /* SignUpViewController.swift */; };
		FB22A7F02AB7E64D00F63D42 /* SignInViewController.swift in Sources */ = {isa = PBXBuildFile; fileRef = FB22A7EF2AB7E64D00F63D42 /* SignInViewController.swift */; };
		FB22A7F62AB7E7B200F63D42 /* SplashViewController.swift in Sources */ = {isa = PBXBuildFile; fileRef = FB22A7F52AB7E7B200F63D42 /* SplashViewController.swift */; };
		FB22A7F92AB7E80D00F63D42 /* WelcomeViewController.swift in Sources */ = {isa = PBXBuildFile; fileRef = FB22A7F82AB7E80D00F63D42 /* WelcomeViewController.swift */; };
		FB23F3E02D330D84006A4A16 /* CustomAlertViewController.swift in Sources */ = {isa = PBXBuildFile; fileRef = FB23F3DF2D330D84006A4A16 /* CustomAlertViewController.swift */; };
		FB23F3E42D343798006A4A16 /* TimeFormatter.swift in Sources */ = {isa = PBXBuildFile; fileRef = FB23F3E32D343798006A4A16 /* TimeFormatter.swift */; };
		FB23F3E62D34389D006A4A16 /* AccountabilityMetric.swift in Sources */ = {isa = PBXBuildFile; fileRef = FB23F3E52D34389D006A4A16 /* AccountabilityMetric.swift */; };
		FB23F3E82D3438C3006A4A16 /* Incentive.swift in Sources */ = {isa = PBXBuildFile; fileRef = FB23F3E72D3438C3006A4A16 /* Incentive.swift */; };
		FB23F3EB2D347F6B006A4A16 /* SelectCueViewController.swift in Sources */ = {isa = PBXBuildFile; fileRef = FB23F3EA2D347F6B006A4A16 /* SelectCueViewController.swift */; };
		FB23F3ED2D3F0217006A4A16 /* FocusView.swift in Sources */ = {isa = PBXBuildFile; fileRef = FB23F3EC2D3F0217006A4A16 /* FocusView.swift */; };
		FB23F3EF2D4A7548006A4A16 /* FirstLaunchManager.swift in Sources */ = {isa = PBXBuildFile; fileRef = FB23F3EE2D4A7548006A4A16 /* FirstLaunchManager.swift */; };
		FB23F3F12D51688A006A4A16 /* TabBarController.swift in Sources */ = {isa = PBXBuildFile; fileRef = FB23F3F02D516889006A4A16 /* TabBarController.swift */; };
		FB23F3F32D51698F006A4A16 /* MaowViewController.swift in Sources */ = {isa = PBXBuildFile; fileRef = FB23F3F22D51698F006A4A16 /* MaowViewController.swift */; };
		FB23F3F52D550516006A4A16 /* GeofenceLogger.swift in Sources */ = {isa = PBXBuildFile; fileRef = FB23F3F42D550516006A4A16 /* GeofenceLogger.swift */; };
		FB2665B22CF535C80025353D /* PushNotificationDelegate.swift in Sources */ = {isa = PBXBuildFile; fileRef = FB2665B12CF535C80025353D /* PushNotificationDelegate.swift */; };
		FB2665B42CF5466E0025353D /* CompositeAppDelegate.swift in Sources */ = {isa = PBXBuildFile; fileRef = FB2665B32CF5466E0025353D /* CompositeAppDelegate.swift */; };
		FB2665B92CF55CE30025353D /* AppDelegateFactory.swift in Sources */ = {isa = PBXBuildFile; fileRef = FB2665B82CF55CE30025353D /* AppDelegateFactory.swift */; };
		FB2665BB2D00EECC0025353D /* test notifications.apns in Resources */ = {isa = PBXBuildFile; fileRef = FB2665BA2D00EECC0025353D /* test notifications.apns */; };
		FB2665BD2D0A0CB80025353D /* CheckInController.swift in Sources */ = {isa = PBXBuildFile; fileRef = FB2665BC2D0A0CB80025353D /* CheckInController.swift */; };
		FB2A2B332C8BB0CA003F31B2 /* LocationAccountabilityViewController.swift in Sources */ = {isa = PBXBuildFile; fileRef = FB2A2B322C8BB0CA003F31B2 /* LocationAccountabilityViewController.swift */; };
		FB2A2B352C8CAB0F003F31B2 /* LocationManager.swift in Sources */ = {isa = PBXBuildFile; fileRef = FB2A2B342C8CAB0F003F31B2 /* LocationManager.swift */; };
		FB2A2B372C8CBBE3003F31B2 /* Location.swift in Sources */ = {isa = PBXBuildFile; fileRef = FB2A2B362C8CBBE3003F31B2 /* Location.swift */; };
		FB2A2B392C8D1708003F31B2 /* IncentivesViewController.swift in Sources */ = {isa = PBXBuildFile; fileRef = FB2A2B382C8D1708003F31B2 /* IncentivesViewController.swift */; };
		FB2A2B402CA60102003F31B2 /* GeofenceData.swift in Sources */ = {isa = PBXBuildFile; fileRef = FB2A2B3F2CA60102003F31B2 /* GeofenceData.swift */; };
		FB34FCB82AD824070032872E /* TimerModel.swift in Sources */ = {isa = PBXBuildFile; fileRef = FB34FCB72AD824070032872E /* TimerModel.swift */; };
		FB34FCBE2AD8369D0032872E /* CameraModel.swift in Sources */ = {isa = PBXBuildFile; fileRef = FB34FCBD2AD8369D0032872E /* CameraModel.swift */; };
		FB34FCC42AD837BE0032872E /* CameraView.swift in Sources */ = {isa = PBXBuildFile; fileRef = FB34FCC32AD837BE0032872E /* CameraView.swift */; };
		FB498F332D83373000AE593A /* .swiftlint.yml in Resources */ = {isa = PBXBuildFile; fileRef = FB498F322D83373000AE593A /* .swiftlint.yml */; };
		FB4CC9752D8EFDBE00A52B88 /* AccountConversionViewModel.swift in Sources */ = {isa = PBXBuildFile; fileRef = FB4CC9742D8EFDBE00A52B88 /* AccountConversionViewModel.swift */; };
		FB61E8A02D88E62C0012E7F4 /* AppCoordinator.swift in Sources */ = {isa = PBXBuildFile; fileRef = FB61E89F2D88E62C0012E7F4 /* AppCoordinator.swift */; };
		FB61E8A22D88E7F80012E7F4 /* OnboardingCoordinator.swift in Sources */ = {isa = PBXBuildFile; fileRef = FB61E8A12D88E7F80012E7F4 /* OnboardingCoordinator.swift */; };
		FB61E8A42D8A472F0012E7F4 /* SettingsViewController.swift in Sources */ = {isa = PBXBuildFile; fileRef = FB61E8A32D8A472F0012E7F4 /* SettingsViewController.swift */; };
		FB61E8A62D8A4EE10012E7F4 /* AccountConversionViewController.swift in Sources */ = {isa = PBXBuildFile; fileRef = FB61E8A52D8A4EE10012E7F4 /* AccountConversionViewController.swift */; };
		FB61E8A82D8AED540012E7F4 /* AuthenticationManager.swift in Sources */ = {isa = PBXBuildFile; fileRef = FB61E8A72D8AED540012E7F4 /* AuthenticationManager.swift */; };
		FB61E8AA2D8B0A010012E7F4 /* WelcomeViewModel.swift in Sources */ = {isa = PBXBuildFile; fileRef = FB61E8A92D8B0A010012E7F4 /* WelcomeViewModel.swift */; };
		FB61E8AC2D8B393F0012E7F4 /* CustomTransitions.swift in Sources */ = {isa = PBXBuildFile; fileRef = FB61E8AB2D8B393F0012E7F4 /* CustomTransitions.swift */; };
		FB6E52752AE1FC4D00499E1C /* Habit.swift in Sources */ = {isa = PBXBuildFile; fileRef = FB6E52742AE1FC4D00499E1C /* Habit.swift */; };
		FB6E52772AE1FC9700499E1C /* HabitTableViewCell.swift in Sources */ = {isa = PBXBuildFile; fileRef = FB6E52762AE1FC9700499E1C /* HabitTableViewCell.swift */; };
		FB6E52792AE1FCED00499E1C /* HabitListViewModel.swift in Sources */ = {isa = PBXBuildFile; fileRef = FB6E52782AE1FCED00499E1C /* HabitListViewModel.swift */; };
		FB6E527B2AE201F500499E1C /* HabitListView.swift in Sources */ = {isa = PBXBuildFile; fileRef = FB6E527A2AE201F500499E1C /* HabitListView.swift */; };
		FB6E527D2AE2021300499E1C /* HabitListViewController.swift in Sources */ = {isa = PBXBuildFile; fileRef = FB6E527C2AE2021300499E1C /* HabitListViewController.swift */; };
		FB6E52822AE3296500499E1C /* HabitEditingViewController.swift in Sources */ = {isa = PBXBuildFile; fileRef = FB6E52812AE3296500499E1C /* HabitEditingViewController.swift */; };
		FB8E9CCA2AF87EB20055DADC /* SingleHabitController.swift in Sources */ = {isa = PBXBuildFile; fileRef = FB8E9CC92AF87EB20055DADC /* SingleHabitController.swift */; };
		FB8E9CCD2AF87FE10055DADC /* SelectHabitViewController.swift in Sources */ = {isa = PBXBuildFile; fileRef = FB8E9CCC2AF87FE10055DADC /* SelectHabitViewController.swift */; };
		FB8E9CCF2AF8823A0055DADC /* HabitData.swift in Sources */ = {isa = PBXBuildFile; fileRef = FB8E9CCE2AF8823A0055DADC /* HabitData.swift */; };
		FB8E9CD12AF8987A0055DADC /* UIConfiguration.swift in Sources */ = {isa = PBXBuildFile; fileRef = FB8E9CD02AF8987A0055DADC /* UIConfiguration.swift */; };
		FBA7213D2AD5D52D00E3EC4F /* PreviewImageViewConstraints.swift in Sources */ = {isa = PBXBuildFile; fileRef = FBA7213C2AD5D52D00E3EC4F /* PreviewImageViewConstraints.swift */; };
		FBC573D32D77BED80063E90C /* HabitListViewModelTests.swift in Sources */ = {isa = PBXBuildFile; fileRef = FBC573D22D77BED80063E90C /* HabitListViewModelTests.swift */; };
		FBC573D52D789B490063E90C /* FirebaseManager.swift in Sources */ = {isa = PBXBuildFile; fileRef = FBC573D42D789B490063E90C /* FirebaseManager.swift */; };
		FBC573D82D789E9B0063E90C /* MockFirebaseManager.swift in Sources */ = {isa = PBXBuildFile; fileRef = FBC573D72D789E9B0063E90C /* MockFirebaseManager.swift */; };
		FBC573DA2D789EDA0063E90C /* FirebaseInitializationTests.swift in Sources */ = {isa = PBXBuildFile; fileRef = FBC573D92D789EDA0063E90C /* FirebaseInitializationTests.swift */; };
		FBC573DC2D78A3020063E90C /* FatalErrorUtil.swift in Sources */ = {isa = PBXBuildFile; fileRef = FBC573DB2D78A3020063E90C /* FatalErrorUtil.swift */; };
		FBC573DE2D78D68F0063E90C /* MockHabitRepository.swift in Sources */ = {isa = PBXBuildFile; fileRef = FBC573DD2D78D68F0063E90C /* MockHabitRepository.swift */; };
		FBC573E12D7A6BD50063E90C /* OnboardingViewController.swift in Sources */ = {isa = PBXBuildFile; fileRef = FBC573E02D7A6BD50063E90C /* OnboardingViewController.swift */; };
		FBC573E32D7A77A00063E90C /* OnboardingView.swift in Sources */ = {isa = PBXBuildFile; fileRef = FBC573E22D7A77A00063E90C /* OnboardingView.swift */; };
		FBC573E52D7BA04B0063E90C /* OnboardingTaskBarController.swift in Sources */ = {isa = PBXBuildFile; fileRef = FBC573E42D7BA04B0063E90C /* OnboardingTaskBarController.swift */; };
		FBC573E82D7CA52D0063E90C /* TowerDefenseViewController.swift in Sources */ = {isa = PBXBuildFile; fileRef = FBC573E72D7CA52D0063E90C /* TowerDefenseViewController.swift */; };
		FBC573EA2D7CAC3E0063E90C /* ClosureGestureHandler.swift in Sources */ = {isa = PBXBuildFile; fileRef = FBC573E92D7CAC3E0063E90C /* ClosureGestureHandler.swift */; };
		FBC573EC2D80810D0063E90C /* InteractionBlocker.swift in Sources */ = {isa = PBXBuildFile; fileRef = FBC573EB2D80810D0063E90C /* InteractionBlocker.swift */; };
		FBC7BD1D2D5AC84B00F94E04 /* HabitIconUtility.swift in Sources */ = {isa = PBXBuildFile; fileRef = FBC7BD1C2D5AC84B00F94E04 /* HabitIconUtility.swift */; };
		FBC7BD1F2D5C3A3000F94E04 /* ConfidenceViewController.swift in Sources */ = {isa = PBXBuildFile; fileRef = FBC7BD1E2D5C3A3000F94E04 /* ConfidenceViewController.swift */; };
		FBC7BD252D5E9A2300F94E04 /* MaowView.swift in Sources */ = {isa = PBXBuildFile; fileRef = FBC7BD242D5E9A2300F94E04 /* MaowView.swift */; };
		FBC7BD272D69427100F94E04 /* ShopViewController.swift in Sources */ = {isa = PBXBuildFile; fileRef = FBC7BD262D69427100F94E04 /* ShopViewController.swift */; };
		FBC7BD292D6BB27800F94E04 /* ObjectDetectionViewController.swift in Sources */ = {isa = PBXBuildFile; fileRef = FBC7BD282D6BB27800F94E04 /* ObjectDetectionViewController.swift */; };
		FBC7BD2D2D6CE2C400F94E04 /* yolov8s.mlmodel in Sources */ = {isa = PBXBuildFile; fileRef = FBC7BD2C2D6CE2C400F94E04 /* yolov8s.mlmodel */; };
		FBC7BD382D6F84CE00F94E04 /* RightNowTests.swift in Sources */ = {isa = PBXBuildFile; fileRef = FBC7BD372D6F84CE00F94E04 /* RightNowTests.swift */; };
		FBC7BD532D752DF300F94E04 /* HabitDataService.swift in Sources */ = {isa = PBXBuildFile; fileRef = FBC7BD522D752DF300F94E04 /* HabitDataService.swift */; };
		FBC7BD552D7533F300F94E04 /* HabitRepository.swift in Sources */ = {isa = PBXBuildFile; fileRef = FBC7BD542D7533F300F94E04 /* HabitRepository.swift */; };
		FBD216A62B3297780084F70B /* SelectTimeViewController.swift in Sources */ = {isa = PBXBuildFile; fileRef = FBD216A52B3297780084F70B /* SelectTimeViewController.swift */; };
		FBDE05192D29BD1D00C46EBB /* Level.swift in Sources */ = {isa = PBXBuildFile; fileRef = FBDE05182D29BD1D00C46EBB /* Level.swift */; };
		FBE946712ACF5D1100CA11ED /* PhotoTakenViewController.swift in Sources */ = {isa = PBXBuildFile; fileRef = FBE946702ACF5D1100CA11ED /* PhotoTakenViewController.swift */; };
/* End PBXBuildFile section */

/* Begin PBXContainerItemProxy section */
		FBC7BD392D6F84CE00F94E04 /* PBXContainerItemProxy */ = {
			isa = PBXContainerItemProxy;
			containerPortal = FB22A7A82AB7D49C00F63D42 /* Project object */;
			proxyType = 1;
			remoteGlobalIDString = FB22A7AF2AB7D49C00F63D42;
			remoteInfo = RightNow;
		};
		FBC7BD462D6FC7F000F94E04 /* PBXContainerItemProxy */ = {
			isa = PBXContainerItemProxy;
			containerPortal = FB22A7A82AB7D49C00F63D42 /* Project object */;
			proxyType = 1;
			remoteGlobalIDString = FB22A7AF2AB7D49C00F63D42;
			remoteInfo = RightNow;
		};
/* End PBXContainerItemProxy section */

/* Begin PBXFileReference section */
		1B6C9CF79E819CBC9C322291 /* Pods-RightNow.debug.xcconfig */ = {isa = PBXFileReference; includeInIndex = 1; lastKnownFileType = text.xcconfig; name = "Pods-RightNow.debug.xcconfig"; path = "Target Support Files/Pods-RightNow/Pods-RightNow.debug.xcconfig"; sourceTree = "<group>"; };
		CACDF7910D2627E81BAEDD21 /* Pods-RightNow.release.xcconfig */ = {isa = PBXFileReference; includeInIndex = 1; lastKnownFileType = text.xcconfig; name = "Pods-RightNow.release.xcconfig"; path = "Target Support Files/Pods-RightNow/Pods-RightNow.release.xcconfig"; sourceTree = "<group>"; };
		DEE003D28412605570144465 /* Pods_RightNow.framework */ = {isa = PBXFileReference; explicitFileType = wrapper.framework; includeInIndex = 0; path = Pods_RightNow.framework; sourceTree = BUILT_PRODUCTS_DIR; };
		FB0E0E6A2B7FB140003177AF /* AccountabilityViewController.swift */ = {isa = PBXFileReference; lastKnownFileType = sourcecode.swift; path = AccountabilityViewController.swift; sourceTree = "<group>"; };
		FB0E0E6C2B8117E9003177AF /* MurphyjitsuViewController.swift */ = {isa = PBXFileReference; lastKnownFileType = sourcecode.swift; path = MurphyjitsuViewController.swift; sourceTree = "<group>"; };
		FB0E0E6E2B814143003177AF /* HabitProgressViewController.swift */ = {isa = PBXFileReference; lastKnownFileType = sourcecode.swift; path = HabitProgressViewController.swift; sourceTree = "<group>"; };
		FB0E0E702B8142A9003177AF /* HabitCurrentLevelView.swift */ = {isa = PBXFileReference; lastKnownFileType = sourcecode.swift; path = HabitCurrentLevelView.swift; sourceTree = "<group>"; };
		FB0E0E742B828B57003177AF /* HabitGoalLevelView.swift */ = {isa = PBXFileReference; lastKnownFileType = sourcecode.swift; path = HabitGoalLevelView.swift; sourceTree = "<group>"; };
		FB0E0E762B883A53003177AF /* ProgressionViewController.swift */ = {isa = PBXFileReference; lastKnownFileType = sourcecode.swift; path = ProgressionViewController.swift; sourceTree = "<group>"; };
		FB22A7B02AB7D49C00F63D42 /* RightNow.app */ = {isa = PBXFileReference; explicitFileType = wrapper.application; includeInIndex = 0; path = RightNow.app; sourceTree = BUILT_PRODUCTS_DIR; };
		FB22A7B32AB7D49C00F63D42 /* AppDelegate.swift */ = {isa = PBXFileReference; lastKnownFileType = sourcecode.swift; path = AppDelegate.swift; sourceTree = "<group>"; };
		FB22A7B52AB7D49C00F63D42 /* SceneDelegate.swift */ = {isa = PBXFileReference; lastKnownFileType = sourcecode.swift; path = SceneDelegate.swift; sourceTree = "<group>"; };
		FB22A7BC2AB7D49E00F63D42 /* Assets.xcassets */ = {isa = PBXFileReference; lastKnownFileType = folder.assetcatalog; path = Assets.xcassets; sourceTree = "<group>"; };
		FB22A7BF2AB7D49E00F63D42 /* Base */ = {isa = PBXFileReference; lastKnownFileType = file.storyboard; name = Base; path = Base.lproj/LaunchScreen.storyboard; sourceTree = "<group>"; };
		FB22A7C12AB7D49E00F63D42 /* Info.plist */ = {isa = PBXFileReference; lastKnownFileType = text.plist.xml; path = Info.plist; sourceTree = "<group>"; };
		FB22A7D12AB7DCD300F63D42 /* CameraController.swift */ = {isa = PBXFileReference; lastKnownFileType = sourcecode.swift; path = CameraController.swift; sourceTree = "<group>"; };
		FB22A7D62AB7E3A000F63D42 /* AppState.swift */ = {isa = PBXFileReference; lastKnownFileType = sourcecode.swift; path = AppState.swift; sourceTree = "<group>"; };
		FB22A7DA2AB7E3D400F63D42 /* User.swift */ = {isa = PBXFileReference; lastKnownFileType = sourcecode.swift; path = User.swift; sourceTree = "<group>"; };
		FB22A7E02AB7E48400F63D42 /* GoogleService-Info.plist */ = {isa = PBXFileReference; fileEncoding = 4; lastKnownFileType = text.plist.xml; path = "GoogleService-Info.plist"; sourceTree = "<group>"; };
		FB22A7E72AB7E52E00F63D42 /* SignInViewModel.swift */ = {isa = PBXFileReference; lastKnownFileType = sourcecode.swift; path = SignInViewModel.swift; sourceTree = "<group>"; };
		FB22A7E92AB7E56100F63D42 /* SignUpViewModel.swift */ = {isa = PBXFileReference; lastKnownFileType = sourcecode.swift; path = SignUpViewModel.swift; sourceTree = "<group>"; };
		FB22A7EB2AB7E58200F63D42 /* StatusViewModel.swift */ = {isa = PBXFileReference; lastKnownFileType = sourcecode.swift; path = StatusViewModel.swift; sourceTree = "<group>"; };
		FB22A7ED2AB7E5F700F63D42 /* SignUpViewController.swift */ = {isa = PBXFileReference; lastKnownFileType = sourcecode.swift; path = SignUpViewController.swift; sourceTree = "<group>"; };
		FB22A7EF2AB7E64D00F63D42 /* SignInViewController.swift */ = {isa = PBXFileReference; lastKnownFileType = sourcecode.swift; path = SignInViewController.swift; sourceTree = "<group>"; };
		FB22A7F52AB7E7B200F63D42 /* SplashViewController.swift */ = {isa = PBXFileReference; lastKnownFileType = sourcecode.swift; path = SplashViewController.swift; sourceTree = "<group>"; };
		FB22A7F82AB7E80D00F63D42 /* WelcomeViewController.swift */ = {isa = PBXFileReference; lastKnownFileType = sourcecode.swift; path = WelcomeViewController.swift; sourceTree = "<group>"; };
		FB23F3DF2D330D84006A4A16 /* CustomAlertViewController.swift */ = {isa = PBXFileReference; lastKnownFileType = sourcecode.swift; path = CustomAlertViewController.swift; sourceTree = "<group>"; };
		FB23F3E32D343798006A4A16 /* TimeFormatter.swift */ = {isa = PBXFileReference; lastKnownFileType = sourcecode.swift; path = TimeFormatter.swift; sourceTree = "<group>"; };
		FB23F3E52D34389D006A4A16 /* AccountabilityMetric.swift */ = {isa = PBXFileReference; lastKnownFileType = sourcecode.swift; path = AccountabilityMetric.swift; sourceTree = "<group>"; };
		FB23F3E72D3438C3006A4A16 /* Incentive.swift */ = {isa = PBXFileReference; lastKnownFileType = sourcecode.swift; path = Incentive.swift; sourceTree = "<group>"; };
		FB23F3EA2D347F6B006A4A16 /* SelectCueViewController.swift */ = {isa = PBXFileReference; lastKnownFileType = sourcecode.swift; path = SelectCueViewController.swift; sourceTree = "<group>"; };
		FB23F3EC2D3F0217006A4A16 /* FocusView.swift */ = {isa = PBXFileReference; lastKnownFileType = sourcecode.swift; path = FocusView.swift; sourceTree = "<group>"; };
		FB23F3EE2D4A7548006A4A16 /* FirstLaunchManager.swift */ = {isa = PBXFileReference; lastKnownFileType = sourcecode.swift; path = FirstLaunchManager.swift; sourceTree = "<group>"; };
		FB23F3F02D516889006A4A16 /* TabBarController.swift */ = {isa = PBXFileReference; lastKnownFileType = sourcecode.swift; path = TabBarController.swift; sourceTree = "<group>"; };
		FB23F3F22D51698F006A4A16 /* MaowViewController.swift */ = {isa = PBXFileReference; lastKnownFileType = sourcecode.swift; path = MaowViewController.swift; sourceTree = "<group>"; };
		FB23F3F42D550516006A4A16 /* GeofenceLogger.swift */ = {isa = PBXFileReference; lastKnownFileType = sourcecode.swift; path = GeofenceLogger.swift; sourceTree = "<group>"; };
		FB2665B12CF535C80025353D /* PushNotificationDelegate.swift */ = {isa = PBXFileReference; lastKnownFileType = sourcecode.swift; path = PushNotificationDelegate.swift; sourceTree = "<group>"; };
		FB2665B32CF5466E0025353D /* CompositeAppDelegate.swift */ = {isa = PBXFileReference; lastKnownFileType = sourcecode.swift; path = CompositeAppDelegate.swift; sourceTree = "<group>"; };
		FB2665B82CF55CE30025353D /* AppDelegateFactory.swift */ = {isa = PBXFileReference; lastKnownFileType = sourcecode.swift; path = AppDelegateFactory.swift; sourceTree = "<group>"; };
		FB2665BA2D00EECC0025353D /* test notifications.apns */ = {isa = PBXFileReference; lastKnownFileType = text; path = "test notifications.apns"; sourceTree = "<group>"; };
		FB2665BC2D0A0CB80025353D /* CheckInController.swift */ = {isa = PBXFileReference; lastKnownFileType = sourcecode.swift; path = CheckInController.swift; sourceTree = "<group>"; };
		FB2A2B322C8BB0CA003F31B2 /* LocationAccountabilityViewController.swift */ = {isa = PBXFileReference; lastKnownFileType = sourcecode.swift; path = LocationAccountabilityViewController.swift; sourceTree = "<group>"; };
		FB2A2B342C8CAB0F003F31B2 /* LocationManager.swift */ = {isa = PBXFileReference; lastKnownFileType = sourcecode.swift; path = LocationManager.swift; sourceTree = "<group>"; };
		FB2A2B362C8CBBE3003F31B2 /* Location.swift */ = {isa = PBXFileReference; lastKnownFileType = sourcecode.swift; path = Location.swift; sourceTree = "<group>"; };
		FB2A2B382C8D1708003F31B2 /* IncentivesViewController.swift */ = {isa = PBXFileReference; lastKnownFileType = sourcecode.swift; path = IncentivesViewController.swift; sourceTree = "<group>"; };
		FB2A2B3F2CA60102003F31B2 /* GeofenceData.swift */ = {isa = PBXFileReference; lastKnownFileType = sourcecode.swift; path = GeofenceData.swift; sourceTree = "<group>"; };
		FB34FCB72AD824070032872E /* TimerModel.swift */ = {isa = PBXFileReference; lastKnownFileType = sourcecode.swift; path = TimerModel.swift; sourceTree = "<group>"; };
		FB34FCBD2AD8369D0032872E /* CameraModel.swift */ = {isa = PBXFileReference; lastKnownFileType = sourcecode.swift; path = CameraModel.swift; sourceTree = "<group>"; };
		FB34FCC32AD837BE0032872E /* CameraView.swift */ = {isa = PBXFileReference; lastKnownFileType = sourcecode.swift; path = CameraView.swift; sourceTree = "<group>"; };
		FB498F322D83373000AE593A /* .swiftlint.yml */ = {isa = PBXFileReference; lastKnownFileType = text.yaml; path = .swiftlint.yml; sourceTree = "<group>"; };
		FB4CC9742D8EFDBE00A52B88 /* AccountConversionViewModel.swift */ = {isa = PBXFileReference; lastKnownFileType = sourcecode.swift; path = AccountConversionViewModel.swift; sourceTree = "<group>"; };
		FB61E89F2D88E62C0012E7F4 /* AppCoordinator.swift */ = {isa = PBXFileReference; lastKnownFileType = sourcecode.swift; path = AppCoordinator.swift; sourceTree = "<group>"; };
		FB61E8A12D88E7F80012E7F4 /* OnboardingCoordinator.swift */ = {isa = PBXFileReference; lastKnownFileType = sourcecode.swift; path = OnboardingCoordinator.swift; sourceTree = "<group>"; };
		FB61E8A32D8A472F0012E7F4 /* SettingsViewController.swift */ = {isa = PBXFileReference; lastKnownFileType = sourcecode.swift; path = SettingsViewController.swift; sourceTree = "<group>"; };
		FB61E8A52D8A4EE10012E7F4 /* AccountConversionViewController.swift */ = {isa = PBXFileReference; lastKnownFileType = sourcecode.swift; path = AccountConversionViewController.swift; sourceTree = "<group>"; };
		FB61E8A72D8AED540012E7F4 /* AuthenticationManager.swift */ = {isa = PBXFileReference; lastKnownFileType = sourcecode.swift; path = AuthenticationManager.swift; sourceTree = "<group>"; };
		FB61E8A92D8B0A010012E7F4 /* WelcomeViewModel.swift */ = {isa = PBXFileReference; lastKnownFileType = sourcecode.swift; path = WelcomeViewModel.swift; sourceTree = "<group>"; };
		FB61E8AB2D8B393F0012E7F4 /* CustomTransitions.swift */ = {isa = PBXFileReference; lastKnownFileType = sourcecode.swift; path = CustomTransitions.swift; sourceTree = "<group>"; };
		FB6E52742AE1FC4D00499E1C /* Habit.swift */ = {isa = PBXFileReference; lastKnownFileType = sourcecode.swift; path = Habit.swift; sourceTree = "<group>"; };
		FB6E52762AE1FC9700499E1C /* HabitTableViewCell.swift */ = {isa = PBXFileReference; lastKnownFileType = sourcecode.swift; path = HabitTableViewCell.swift; sourceTree = "<group>"; };
		FB6E52782AE1FCED00499E1C /* HabitListViewModel.swift */ = {isa = PBXFileReference; lastKnownFileType = sourcecode.swift; path = HabitListViewModel.swift; sourceTree = "<group>"; };
		FB6E527A2AE201F500499E1C /* HabitListView.swift */ = {isa = PBXFileReference; lastKnownFileType = sourcecode.swift; path = HabitListView.swift; sourceTree = "<group>"; };
		FB6E527C2AE2021300499E1C /* HabitListViewController.swift */ = {isa = PBXFileReference; lastKnownFileType = sourcecode.swift; path = HabitListViewController.swift; sourceTree = "<group>"; };
		FB6E52812AE3296500499E1C /* HabitEditingViewController.swift */ = {isa = PBXFileReference; lastKnownFileType = sourcecode.swift; path = HabitEditingViewController.swift; sourceTree = "<group>"; };
		FB8E9CC92AF87EB20055DADC /* SingleHabitController.swift */ = {isa = PBXFileReference; lastKnownFileType = sourcecode.swift; path = SingleHabitController.swift; sourceTree = "<group>"; };
		FB8E9CCC2AF87FE10055DADC /* SelectHabitViewController.swift */ = {isa = PBXFileReference; lastKnownFileType = sourcecode.swift; path = SelectHabitViewController.swift; sourceTree = "<group>"; };
		FB8E9CCE2AF8823A0055DADC /* HabitData.swift */ = {isa = PBXFileReference; lastKnownFileType = sourcecode.swift; path = HabitData.swift; sourceTree = "<group>"; };
		FB8E9CD02AF8987A0055DADC /* UIConfiguration.swift */ = {isa = PBXFileReference; lastKnownFileType = sourcecode.swift; path = UIConfiguration.swift; sourceTree = "<group>"; };
		FBA7213C2AD5D52D00E3EC4F /* PreviewImageViewConstraints.swift */ = {isa = PBXFileReference; lastKnownFileType = sourcecode.swift; path = PreviewImageViewConstraints.swift; sourceTree = "<group>"; };
		FBC573D22D77BED80063E90C /* HabitListViewModelTests.swift */ = {isa = PBXFileReference; lastKnownFileType = sourcecode.swift; path = HabitListViewModelTests.swift; sourceTree = "<group>"; };
		FBC573D42D789B490063E90C /* FirebaseManager.swift */ = {isa = PBXFileReference; lastKnownFileType = sourcecode.swift; path = FirebaseManager.swift; sourceTree = "<group>"; };
		FBC573D72D789E9B0063E90C /* MockFirebaseManager.swift */ = {isa = PBXFileReference; lastKnownFileType = sourcecode.swift; path = MockFirebaseManager.swift; sourceTree = "<group>"; };
		FBC573D92D789EDA0063E90C /* FirebaseInitializationTests.swift */ = {isa = PBXFileReference; lastKnownFileType = sourcecode.swift; path = FirebaseInitializationTests.swift; sourceTree = "<group>"; };
		FBC573DB2D78A3020063E90C /* FatalErrorUtil.swift */ = {isa = PBXFileReference; lastKnownFileType = sourcecode.swift; path = FatalErrorUtil.swift; sourceTree = "<group>"; };
		FBC573DD2D78D68F0063E90C /* MockHabitRepository.swift */ = {isa = PBXFileReference; lastKnownFileType = sourcecode.swift; path = MockHabitRepository.swift; sourceTree = "<group>"; };
		FBC573E02D7A6BD50063E90C /* OnboardingViewController.swift */ = {isa = PBXFileReference; lastKnownFileType = sourcecode.swift; path = OnboardingViewController.swift; sourceTree = "<group>"; };
		FBC573E22D7A77A00063E90C /* OnboardingView.swift */ = {isa = PBXFileReference; lastKnownFileType = sourcecode.swift; path = OnboardingView.swift; sourceTree = "<group>"; };
		FBC573E42D7BA04B0063E90C /* OnboardingTaskBarController.swift */ = {isa = PBXFileReference; lastKnownFileType = sourcecode.swift; path = OnboardingTaskBarController.swift; sourceTree = "<group>"; };
		FBC573E72D7CA52D0063E90C /* TowerDefenseViewController.swift */ = {isa = PBXFileReference; lastKnownFileType = sourcecode.swift; path = TowerDefenseViewController.swift; sourceTree = "<group>"; };
		FBC573E92D7CAC3E0063E90C /* ClosureGestureHandler.swift */ = {isa = PBXFileReference; lastKnownFileType = sourcecode.swift; path = ClosureGestureHandler.swift; sourceTree = "<group>"; };
		FBC573EB2D80810D0063E90C /* InteractionBlocker.swift */ = {isa = PBXFileReference; lastKnownFileType = sourcecode.swift; path = InteractionBlocker.swift; sourceTree = "<group>"; };
		FBC7BD1C2D5AC84B00F94E04 /* HabitIconUtility.swift */ = {isa = PBXFileReference; lastKnownFileType = sourcecode.swift; path = HabitIconUtility.swift; sourceTree = "<group>"; };
		FBC7BD1E2D5C3A3000F94E04 /* ConfidenceViewController.swift */ = {isa = PBXFileReference; lastKnownFileType = sourcecode.swift; path = ConfidenceViewController.swift; sourceTree = "<group>"; };
		FBC7BD242D5E9A2300F94E04 /* MaowView.swift */ = {isa = PBXFileReference; lastKnownFileType = sourcecode.swift; path = MaowView.swift; sourceTree = "<group>"; };
		FBC7BD262D69427100F94E04 /* ShopViewController.swift */ = {isa = PBXFileReference; lastKnownFileType = sourcecode.swift; path = ShopViewController.swift; sourceTree = "<group>"; };
		FBC7BD282D6BB27800F94E04 /* ObjectDetectionViewController.swift */ = {isa = PBXFileReference; lastKnownFileType = sourcecode.swift; path = ObjectDetectionViewController.swift; sourceTree = "<group>"; };
		FBC7BD2C2D6CE2C400F94E04 /* yolov8s.mlmodel */ = {isa = PBXFileReference; lastKnownFileType = file.mlmodel; path = yolov8s.mlmodel; sourceTree = "<group>"; };
		FBC7BD2F2D6E823B00F94E04 /* RightNow.entitlements */ = {isa = PBXFileReference; lastKnownFileType = text.plist.entitlements; path = RightNow.entitlements; sourceTree = "<group>"; };
		FBC7BD352D6F84CE00F94E04 /* RightNowTests.xctest */ = {isa = PBXFileReference; explicitFileType = wrapper.cfbundle; includeInIndex = 0; path = RightNowTests.xctest; sourceTree = BUILT_PRODUCTS_DIR; };
		FBC7BD372D6F84CE00F94E04 /* RightNowTests.swift */ = {isa = PBXFileReference; lastKnownFileType = sourcecode.swift; path = RightNowTests.swift; sourceTree = "<group>"; };
		FBC7BD422D6FC7F000F94E04 /* HabitListModelTests.xctest */ = {isa = PBXFileReference; explicitFileType = wrapper.cfbundle; includeInIndex = 0; path = HabitListModelTests.xctest; sourceTree = BUILT_PRODUCTS_DIR; };
		FBC7BD522D752DF300F94E04 /* HabitDataService.swift */ = {isa = PBXFileReference; lastKnownFileType = sourcecode.swift; path = HabitDataService.swift; sourceTree = "<group>"; };
		FBC7BD542D7533F300F94E04 /* HabitRepository.swift */ = {isa = PBXFileReference; lastKnownFileType = sourcecode.swift; path = HabitRepository.swift; sourceTree = "<group>"; };
		FBD216A52B3297780084F70B /* SelectTimeViewController.swift */ = {isa = PBXFileReference; lastKnownFileType = sourcecode.swift; path = SelectTimeViewController.swift; sourceTree = "<group>"; };
		FBDE05182D29BD1D00C46EBB /* Level.swift */ = {isa = PBXFileReference; lastKnownFileType = sourcecode.swift; path = Level.swift; sourceTree = "<group>"; };
		FBE946702ACF5D1100CA11ED /* PhotoTakenViewController.swift */ = {isa = PBXFileReference; lastKnownFileType = sourcecode.swift; path = PhotoTakenViewController.swift; sourceTree = "<group>"; };
/* End PBXFileReference section */

/* Begin PBXFrameworksBuildPhase section */
		FB22A7AD2AB7D49C00F63D42 /* Frameworks */ = {
			isa = PBXFrameworksBuildPhase;
			buildActionMask = 2147483647;
			files = (
				61AC2B8977CA310B6234BBF9 /* Pods_RightNow.framework in Frameworks */,
			);
			runOnlyForDeploymentPostprocessing = 0;
		};
		FBC7BD322D6F84CE00F94E04 /* Frameworks */ = {
			isa = PBXFrameworksBuildPhase;
			buildActionMask = 2147483647;
			files = (
			);
			runOnlyForDeploymentPostprocessing = 0;
		};
		FBC7BD3F2D6FC7F000F94E04 /* Frameworks */ = {
			isa = PBXFrameworksBuildPhase;
			buildActionMask = 2147483647;
			files = (
			);
			runOnlyForDeploymentPostprocessing = 0;
		};
/* End PBXFrameworksBuildPhase section */

/* Begin PBXGroup section */
		A39A14564D878183E47C230E /* Frameworks */ = {
			isa = PBXGroup;
			children = (
				DEE003D28412605570144465 /* Pods_RightNow.framework */,
			);
			name = Frameworks;
			sourceTree = "<group>";
		};
		C3DC80F02DA447253DD2A3D1 /* Pods */ = {
			isa = PBXGroup;
			children = (
				1B6C9CF79E819CBC9C322291 /* Pods-RightNow.debug.xcconfig */,
				CACDF7910D2627E81BAEDD21 /* Pods-RightNow.release.xcconfig */,
			);
			path = Pods;
			sourceTree = "<group>";
		};
		FB0E0E722B8263BF003177AF /* Name & Time */ = {
			isa = PBXGroup;
			children = (
				FB8E9CCC2AF87FE10055DADC /* SelectHabitViewController.swift */,
				FBD216A52B3297780084F70B /* SelectTimeViewController.swift */,
				FB23F3EA2D347F6B006A4A16 /* SelectCueViewController.swift */,
			);
			path = "Name & Time";
			sourceTree = "<group>";
		};
		FB0E0E732B8263D1003177AF /* Progress */ = {
			isa = PBXGroup;
			children = (
				FB0E0E762B883A53003177AF /* ProgressionViewController.swift */,
				FB0E0E6E2B814143003177AF /* HabitProgressViewController.swift */,
				FB0E0E702B8142A9003177AF /* HabitCurrentLevelView.swift */,
				FB0E0E742B828B57003177AF /* HabitGoalLevelView.swift */,
			);
			path = Progress;
			sourceTree = "<group>";
		};
		FB22A7A72AB7D49C00F63D42 = {
			isa = PBXGroup;
			children = (
				FB498F322D83373000AE593A /* .swiftlint.yml */,
				FB6F03BF2AE0BE3300033C9F /* Packages */,
				FB22A7B22AB7D49C00F63D42 /* RightNow */,
				FBC7BD362D6F84CE00F94E04 /* RightNowTests */,
				FB22A7B12AB7D49C00F63D42 /* Products */,
				C3DC80F02DA447253DD2A3D1 /* Pods */,
				A39A14564D878183E47C230E /* Frameworks */,
			);
			sourceTree = "<group>";
		};
		FB22A7B12AB7D49C00F63D42 /* Products */ = {
			isa = PBXGroup;
			children = (
				FB22A7B02AB7D49C00F63D42 /* RightNow.app */,
				FBC7BD352D6F84CE00F94E04 /* RightNowTests.xctest */,
				FBC7BD422D6FC7F000F94E04 /* HabitListModelTests.xctest */,
			);
			name = Products;
			sourceTree = "<group>";
		};
		FB22A7B22AB7D49C00F63D42 /* RightNow */ = {
			isa = PBXGroup;
			children = (
				FBC7BD2F2D6E823B00F94E04 /* RightNow.entitlements */,
				FB23F3E12D343683006A4A16 /* AuxillaryObjects */,
				FB2665B52CF55C800025353D /* AppDelegates */,
				FBC7BD562D75489300F94E04 /* Habit Logic */,
				FB8E9CCB2AF87FD80055DADC /* HabitCreation */,
				FB6E52802AE2E7DD00499E1C /* Habit Modification */,
				FB8E9CC82AF87E9C0055DADC /* Single Habit */,
				FB6E52732AE1FC3500499E1C /* HabitList */,
				FBA7213E2AD6356400E3EC4F /* Maow */,
				FBC7BD302D6F753400F94E04 /* Shop */,
				FBC573E62D7CA50B0063E90C /* TowerDefense */,
				FB22A7D42AB7DD8B00F63D42 /* Log-In */,
				FB22A7D32AB7DD7E00F63D42 /* Photos */,
				FBC573DF2D7A6B460063E90C /* Onboarding */,
				FB22A7B32AB7D49C00F63D42 /* AppDelegate.swift */,
				FB22A7B52AB7D49C00F63D42 /* SceneDelegate.swift */,
				FB61E89F2D88E62C0012E7F4 /* AppCoordinator.swift */,
				FB23F3F02D516889006A4A16 /* TabBarController.swift */,
				FB2665BC2D0A0CB80025353D /* CheckInController.swift */,
				FB61E8A32D8A472F0012E7F4 /* SettingsViewController.swift */,
				FBC7BD2C2D6CE2C400F94E04 /* yolov8s.mlmodel */,
				FB22A7BC2AB7D49E00F63D42 /* Assets.xcassets */,
				FB22A7BE2AB7D49E00F63D42 /* LaunchScreen.storyboard */,
				FB22A7C12AB7D49E00F63D42 /* Info.plist */,
				FB22A7E02AB7E48400F63D42 /* GoogleService-Info.plist */,
				FB2665BA2D00EECC0025353D /* test notifications.apns */,
			);
			path = RightNow;
			sourceTree = "<group>";
		};
		FB22A7D32AB7DD7E00F63D42 /* Photos */ = {
			isa = PBXGroup;
			children = (
				FB34FCC72AD9C1310032872E /* Camera */,
				FBE946702ACF5D1100CA11ED /* PhotoTakenViewController.swift */,
				FBA7213C2AD5D52D00E3EC4F /* PreviewImageViewConstraints.swift */,
			);
			path = Photos;
			sourceTree = "<group>";
		};
		FB22A7D42AB7DD8B00F63D42 /* Log-In */ = {
			isa = PBXGroup;
			children = (
				FB22A7D52AB7E39000F63D42 /* Components */,
				FB61E8A72D8AED540012E7F4 /* AuthenticationManager.swift */,
				FB22A7F52AB7E7B200F63D42 /* SplashViewController.swift */,
				FB22A7F82AB7E80D00F63D42 /* WelcomeViewController.swift */,
				FB61E8A92D8B0A010012E7F4 /* WelcomeViewModel.swift */,
				FB22A7EF2AB7E64D00F63D42 /* SignInViewController.swift */,
				FB22A7E72AB7E52E00F63D42 /* SignInViewModel.swift */,
				FB22A7ED2AB7E5F700F63D42 /* SignUpViewController.swift */,
				FB22A7E92AB7E56100F63D42 /* SignUpViewModel.swift */,
				FB61E8A52D8A4EE10012E7F4 /* AccountConversionViewController.swift */,
				FB4CC9742D8EFDBE00A52B88 /* AccountConversionViewModel.swift */,
			);
			path = "Log-In";
			sourceTree = "<group>";
		};
		FB22A7D52AB7E39000F63D42 /* Components */ = {
			isa = PBXGroup;
			children = (
				FB22A7EB2AB7E58200F63D42 /* StatusViewModel.swift */,
				FB22A7D62AB7E3A000F63D42 /* AppState.swift */,
				FB22A7DA2AB7E3D400F63D42 /* User.swift */,
			);
			path = Components;
			sourceTree = "<group>";
		};
		FB23F3E12D343683006A4A16 /* AuxillaryObjects */ = {
			isa = PBXGroup;
			children = (
				FB23F3E92D3438E1006A4A16 /* FeatureType */,
				FB23F3E22D34376D006A4A16 /* Location */,
				FB8E9CD02AF8987A0055DADC /* UIConfiguration.swift */,
				FB23F3DF2D330D84006A4A16 /* CustomAlertViewController.swift */,
				FB23F3E32D343798006A4A16 /* TimeFormatter.swift */,
				FB23F3EC2D3F0217006A4A16 /* FocusView.swift */,
				FB23F3EE2D4A7548006A4A16 /* FirstLaunchManager.swift */,
				FBC7BD1C2D5AC84B00F94E04 /* HabitIconUtility.swift */,
				FBC573E92D7CAC3E0063E90C /* ClosureGestureHandler.swift */,
				FB61E8AB2D8B393F0012E7F4 /* CustomTransitions.swift */,
			);
			path = AuxillaryObjects;
			sourceTree = "<group>";
		};
		FB23F3E22D34376D006A4A16 /* Location */ = {
			isa = PBXGroup;
			children = (
				FB2A2B3F2CA60102003F31B2 /* GeofenceData.swift */,
				FB2A2B362C8CBBE3003F31B2 /* Location.swift */,
				FB2A2B342C8CAB0F003F31B2 /* LocationManager.swift */,
				FB23F3F42D550516006A4A16 /* GeofenceLogger.swift */,
			);
			path = Location;
			sourceTree = "<group>";
		};
		FB23F3E92D3438E1006A4A16 /* FeatureType */ = {
			isa = PBXGroup;
			children = (
				FBDE05182D29BD1D00C46EBB /* Level.swift */,
				FB23F3E52D34389D006A4A16 /* AccountabilityMetric.swift */,
				FB23F3E72D3438C3006A4A16 /* Incentive.swift */,
			);
			path = FeatureType;
			sourceTree = "<group>";
		};
		FB2665B52CF55C800025353D /* AppDelegates */ = {
			isa = PBXGroup;
			children = (
				FB2665B12CF535C80025353D /* PushNotificationDelegate.swift */,
				FB2665B32CF5466E0025353D /* CompositeAppDelegate.swift */,
				FB2665B82CF55CE30025353D /* AppDelegateFactory.swift */,
				FBC573D42D789B490063E90C /* FirebaseManager.swift */,
			);
			path = AppDelegates;
			sourceTree = "<group>";
		};
		FB2A2B312C8BB0AF003F31B2 /* Accountability */ = {
			isa = PBXGroup;
			children = (
				FB0E0E6A2B7FB140003177AF /* AccountabilityViewController.swift */,
				FBC7BD282D6BB27800F94E04 /* ObjectDetectionViewController.swift */,
				FB2A2B322C8BB0CA003F31B2 /* LocationAccountabilityViewController.swift */,
			);
			path = Accountability;
			sourceTree = "<group>";
		};
		FB34FCC72AD9C1310032872E /* Camera */ = {
			isa = PBXGroup;
			children = (
				FB34FCBD2AD8369D0032872E /* CameraModel.swift */,
				FB34FCC32AD837BE0032872E /* CameraView.swift */,
				FB22A7D12AB7DCD300F63D42 /* CameraController.swift */,
			);
			path = Camera;
			sourceTree = "<group>";
		};
		FB6E52732AE1FC3500499E1C /* HabitList */ = {
			isa = PBXGroup;
			children = (
				FB6E52762AE1FC9700499E1C /* HabitTableViewCell.swift */,
				FB6E527A2AE201F500499E1C /* HabitListView.swift */,
				FB6E52782AE1FCED00499E1C /* HabitListViewModel.swift */,
				FB6E527C2AE2021300499E1C /* HabitListViewController.swift */,
			);
			path = HabitList;
			sourceTree = "<group>";
		};
		FB6E52802AE2E7DD00499E1C /* Habit Modification */ = {
			isa = PBXGroup;
			children = (
				FB6E52812AE3296500499E1C /* HabitEditingViewController.swift */,
			);
			path = "Habit Modification";
			sourceTree = "<group>";
		};
		FB6F03BF2AE0BE3300033C9F /* Packages */ = {
			isa = PBXGroup;
			children = (
			);
			name = Packages;
			sourceTree = "<group>";
		};
		FB8E9CC82AF87E9C0055DADC /* Single Habit */ = {
			isa = PBXGroup;
			children = (
				FB8E9CC92AF87EB20055DADC /* SingleHabitController.swift */,
			);
			path = "Single Habit";
			sourceTree = "<group>";
		};
		FB8E9CCB2AF87FD80055DADC /* HabitCreation */ = {
			isa = PBXGroup;
			children = (
				FB8E9CCE2AF8823A0055DADC /* HabitData.swift */,
				FB0E0E722B8263BF003177AF /* Name & Time */,
				FB2A2B312C8BB0AF003F31B2 /* Accountability */,
				FB0E0E732B8263D1003177AF /* Progress */,
				FB2A2B382C8D1708003F31B2 /* IncentivesViewController.swift */,
				FB0E0E6C2B8117E9003177AF /* MurphyjitsuViewController.swift */,
				FBC7BD1E2D5C3A3000F94E04 /* ConfidenceViewController.swift */,
			);
			path = HabitCreation;
			sourceTree = "<group>";
		};
		FBA7213E2AD6356400E3EC4F /* Maow */ = {
			isa = PBXGroup;
			children = (
				FB23F3F22D51698F006A4A16 /* MaowViewController.swift */,
				FBC7BD242D5E9A2300F94E04 /* MaowView.swift */,
				FB34FCB72AD824070032872E /* TimerModel.swift */,
			);
			path = Maow;
			sourceTree = "<group>";
		};
		FBC573D62D789E880063E90C /* FirebaseTests */ = {
			isa = PBXGroup;
			children = (
				FBC573D72D789E9B0063E90C /* MockFirebaseManager.swift */,
				FBC573D92D789EDA0063E90C /* FirebaseInitializationTests.swift */,
			);
			path = FirebaseTests;
			sourceTree = "<group>";
		};
		FBC573DF2D7A6B460063E90C /* Onboarding */ = {
			isa = PBXGroup;
			children = (
				FBC573E02D7A6BD50063E90C /* OnboardingViewController.swift */,
				FBC573E22D7A77A00063E90C /* OnboardingView.swift */,
				FBC573E42D7BA04B0063E90C /* OnboardingTaskBarController.swift */,
				FB61E8A12D88E7F80012E7F4 /* OnboardingCoordinator.swift */,
				FBC573EB2D80810D0063E90C /* InteractionBlocker.swift */,
			);
			path = Onboarding;
			sourceTree = "<group>";
		};
		FBC573E62D7CA50B0063E90C /* TowerDefense */ = {
			isa = PBXGroup;
			children = (
				FBC573E72D7CA52D0063E90C /* TowerDefenseViewController.swift */,
			);
			path = TowerDefense;
			sourceTree = "<group>";
		};
		FBC7BD302D6F753400F94E04 /* Shop */ = {
			isa = PBXGroup;
			children = (
				FBC7BD262D69427100F94E04 /* ShopViewController.swift */,
			);
			path = Shop;
			sourceTree = "<group>";
		};
		FBC7BD362D6F84CE00F94E04 /* RightNowTests */ = {
			isa = PBXGroup;
			children = (
				FBC573D62D789E880063E90C /* FirebaseTests */,
				FBC7BD4C2D752B0000F94E04 /* HabitListModelTests */,
				FBC7BD372D6F84CE00F94E04 /* RightNowTests.swift */,
				FBC573DB2D78A3020063E90C /* FatalErrorUtil.swift */,
			);
			path = RightNowTests;
			sourceTree = "<group>";
		};
		FBC7BD4C2D752B0000F94E04 /* HabitListModelTests */ = {
			isa = PBXGroup;
			children = (
				FBC573D22D77BED80063E90C /* HabitListViewModelTests.swift */,
				FBC573DD2D78D68F0063E90C /* MockHabitRepository.swift */,
			);
			path = HabitListModelTests;
			sourceTree = "<group>";
		};
		FBC7BD562D75489300F94E04 /* Habit Logic */ = {
			isa = PBXGroup;
			children = (
				FBC7BD522D752DF300F94E04 /* HabitDataService.swift */,
				FBC7BD542D7533F300F94E04 /* HabitRepository.swift */,
				FB6E52742AE1FC4D00499E1C /* Habit.swift */,
			);
			path = "Habit Logic";
			sourceTree = "<group>";
		};
/* End PBXGroup section */

/* Begin PBXNativeTarget section */
		FB22A7AF2AB7D49C00F63D42 /* RightNow */ = {
			isa = PBXNativeTarget;
			buildConfigurationList = FB22A7C42AB7D49E00F63D42 /* Build configuration list for PBXNativeTarget "RightNow" */;
			buildPhases = (
				AEB2DC8A62DF875024613C2E /* [CP] Check Pods Manifest.lock */,
				FB22A7AC2AB7D49C00F63D42 /* Sources */,
				FB22A7AD2AB7D49C00F63D42 /* Frameworks */,
				FB22A7AE2AB7D49C00F63D42 /* Resources */,
				FB498F312D8332B900AE593A /* ShellScript */,
				576D8BAD9D6B9A84ADA92108 /* [CP] Embed Pods Frameworks */,
			);
			buildRules = (
			);
			dependencies = (
			);
			name = RightNow;
			productName = RightNow;
			productReference = FB22A7B02AB7D49C00F63D42 /* RightNow.app */;
			productType = "com.apple.product-type.application";
		};
		FBC7BD342D6F84CE00F94E04 /* RightNowTests */ = {
			isa = PBXNativeTarget;
			buildConfigurationList = FBC7BD3B2D6F84CE00F94E04 /* Build configuration list for PBXNativeTarget "RightNowTests" */;
			buildPhases = (
				FBC7BD312D6F84CE00F94E04 /* Sources */,
				FBC7BD322D6F84CE00F94E04 /* Frameworks */,
				FBC7BD332D6F84CE00F94E04 /* Resources */,
			);
			buildRules = (
			);
			dependencies = (
				FBC7BD3A2D6F84CE00F94E04 /* PBXTargetDependency */,
			);
			name = RightNowTests;
			productName = RightNowTests;
			productReference = FBC7BD352D6F84CE00F94E04 /* RightNowTests.xctest */;
			productType = "com.apple.product-type.bundle.unit-test";
		};
		FBC7BD412D6FC7F000F94E04 /* HabitListModelTests */ = {
			isa = PBXNativeTarget;
			buildConfigurationList = FBC7BD482D6FC7F000F94E04 /* Build configuration list for PBXNativeTarget "HabitListModelTests" */;
			buildPhases = (
				FBC7BD3E2D6FC7F000F94E04 /* Sources */,
				FBC7BD3F2D6FC7F000F94E04 /* Frameworks */,
				FBC7BD402D6FC7F000F94E04 /* Resources */,
			);
			buildRules = (
			);
			dependencies = (
				FBC7BD472D6FC7F000F94E04 /* PBXTargetDependency */,
			);
			name = HabitListModelTests;
			productName = HabitListModelTests;
			productReference = FBC7BD422D6FC7F000F94E04 /* HabitListModelTests.xctest */;
			productType = "com.apple.product-type.bundle.unit-test";
		};
/* End PBXNativeTarget section */

/* Begin PBXProject section */
		FB22A7A82AB7D49C00F63D42 /* Project object */ = {
			isa = PBXProject;
			attributes = {
				BuildIndependentTargetsInParallel = 1;
				LastSwiftUpdateCheck = 1520;
				LastUpgradeCheck = 1430;
				TargetAttributes = {
					FB22A7AF2AB7D49C00F63D42 = {
						CreatedOnToolsVersion = 14.3.1;
					};
					FBC7BD342D6F84CE00F94E04 = {
						CreatedOnToolsVersion = 15.2;
						TestTargetID = FB22A7AF2AB7D49C00F63D42;
					};
					FBC7BD412D6FC7F000F94E04 = {
						CreatedOnToolsVersion = 15.2;
						LastSwiftMigration = 1520;
						TestTargetID = FB22A7AF2AB7D49C00F63D42;
					};
				};
			};
			buildConfigurationList = FB22A7AB2AB7D49C00F63D42 /* Build configuration list for PBXProject "RightNow" */;
			compatibilityVersion = "Xcode 14.0";
			developmentRegion = en;
			hasScannedForEncodings = 0;
			knownRegions = (
				en,
				Base,
			);
			mainGroup = FB22A7A72AB7D49C00F63D42;
			packageReferences = (
				FB22A7E22AB7E4CD00F63D42 /* XCRemoteSwiftPackageReference "firebase-ios-sdk" */,
				FB61E8AD2D8CB9D80012E7F4 /* XCRemoteSwiftPackageReference "GoogleSignIn-iOS" */,
			);
			productRefGroup = FB22A7B12AB7D49C00F63D42 /* Products */;
			projectDirPath = "";
			projectRoot = "";
			targets = (
				FB22A7AF2AB7D49C00F63D42 /* RightNow */,
				FBC7BD342D6F84CE00F94E04 /* RightNowTests */,
				FBC7BD412D6FC7F000F94E04 /* HabitListModelTests */,
			);
		};
/* End PBXProject section */

/* Begin PBXResourcesBuildPhase section */
		FB22A7AE2AB7D49C00F63D42 /* Resources */ = {
			isa = PBXResourcesBuildPhase;
			buildActionMask = 2147483647;
			files = (
				FB498F332D83373000AE593A /* .swiftlint.yml in Resources */,
				FB22A7C02AB7D49E00F63D42 /* LaunchScreen.storyboard in Resources */,
				FB2665BB2D00EECC0025353D /* test notifications.apns in Resources */,
				FB22A7E12AB7E48400F63D42 /* GoogleService-Info.plist in Resources */,
				FB22A7BD2AB7D49E00F63D42 /* Assets.xcassets in Resources */,
			);
			runOnlyForDeploymentPostprocessing = 0;
		};
		FBC7BD332D6F84CE00F94E04 /* Resources */ = {
			isa = PBXResourcesBuildPhase;
			buildActionMask = 2147483647;
			files = (
			);
			runOnlyForDeploymentPostprocessing = 0;
		};
		FBC7BD402D6FC7F000F94E04 /* Resources */ = {
			isa = PBXResourcesBuildPhase;
			buildActionMask = 2147483647;
			files = (
			);
			runOnlyForDeploymentPostprocessing = 0;
		};
/* End PBXResourcesBuildPhase section */

/* Begin PBXShellScriptBuildPhase section */
		576D8BAD9D6B9A84ADA92108 /* [CP] Embed Pods Frameworks */ = {
			isa = PBXShellScriptBuildPhase;
			buildActionMask = 2147483647;
			files = (
			);
			inputFileListPaths = (
				"${PODS_ROOT}/Target Support Files/Pods-RightNow/Pods-RightNow-frameworks-${CONFIGURATION}-input-files.xcfilelist",
			);
			name = "[CP] Embed Pods Frameworks";
			outputFileListPaths = (
				"${PODS_ROOT}/Target Support Files/Pods-RightNow/Pods-RightNow-frameworks-${CONFIGURATION}-output-files.xcfilelist",
			);
			runOnlyForDeploymentPostprocessing = 0;
			shellPath = /bin/sh;
			shellScript = "\"${PODS_ROOT}/Target Support Files/Pods-RightNow/Pods-RightNow-frameworks.sh\"\n";
			showEnvVarsInLog = 0;
		};
		AEB2DC8A62DF875024613C2E /* [CP] Check Pods Manifest.lock */ = {
			isa = PBXShellScriptBuildPhase;
			buildActionMask = 2147483647;
			files = (
			);
			inputFileListPaths = (
			);
			inputPaths = (
				"${PODS_PODFILE_DIR_PATH}/Podfile.lock",
				"${PODS_ROOT}/Manifest.lock",
			);
			name = "[CP] Check Pods Manifest.lock";
			outputFileListPaths = (
			);
			outputPaths = (
				"$(DERIVED_FILE_DIR)/Pods-RightNow-checkManifestLockResult.txt",
			);
			runOnlyForDeploymentPostprocessing = 0;
			shellPath = /bin/sh;
			shellScript = "diff \"${PODS_PODFILE_DIR_PATH}/Podfile.lock\" \"${PODS_ROOT}/Manifest.lock\" > /dev/null\nif [ $? != 0 ] ; then\n    # print error to STDERR\n    echo \"error: The sandbox is not in sync with the Podfile.lock. Run 'pod install' or update your CocoaPods installation.\" >&2\n    exit 1\nfi\n# This output is used by Xcode 'outputs' to avoid re-running this script phase.\necho \"SUCCESS\" > \"${SCRIPT_OUTPUT_FILE_0}\"\n";
			showEnvVarsInLog = 0;
		};
		FB498F312D8332B900AE593A /* ShellScript */ = {
			isa = PBXShellScriptBuildPhase;
			alwaysOutOfDate = 1;
			buildActionMask = 2147483647;
			files = (
			);
			inputFileListPaths = (
			);
			inputPaths = (
			);
			outputFileListPaths = (
			);
			outputPaths = (
			);
			runOnlyForDeploymentPostprocessing = 0;
			shellPath = /bin/sh;
			shellScript = "export PATH=\"$PATH:/opt/homebrew/bin\"\nif which swiftlint > /dev/null; then\n  swiftlint\nelse\n  echo \"warning: SwiftLint not installed, download from https://github.com/realm/SwiftLint\"\nfi\n";
			showEnvVarsInLog = 0;
		};
/* End PBXShellScriptBuildPhase section */

/* Begin PBXSourcesBuildPhase section */
		FB22A7AC2AB7D49C00F63D42 /* Sources */ = {
			isa = PBXSourcesBuildPhase;
			buildActionMask = 2147483647;
			files = (
				FB6E527B2AE201F500499E1C /* HabitListView.swift in Sources */,
				FB22A7F92AB7E80D00F63D42 /* WelcomeViewController.swift in Sources */,
				FB61E8A82D8AED540012E7F4 /* AuthenticationManager.swift in Sources */,
				FB22A7EC2AB7E58200F63D42 /* StatusViewModel.swift in Sources */,
				FBC573E12D7A6BD50063E90C /* OnboardingViewController.swift in Sources */,
				FBC7BD2D2D6CE2C400F94E04 /* yolov8s.mlmodel in Sources */,
				FBC573E52D7BA04B0063E90C /* OnboardingTaskBarController.swift in Sources */,
				FBC7BD1D2D5AC84B00F94E04 /* HabitIconUtility.swift in Sources */,
				FBC7BD272D69427100F94E04 /* ShopViewController.swift in Sources */,
				FB0E0E752B828B57003177AF /* HabitGoalLevelView.swift in Sources */,
				FB61E8A42D8A472F0012E7F4 /* SettingsViewController.swift in Sources */,
				FB23F3ED2D3F0217006A4A16 /* FocusView.swift in Sources */,
				FB6E527D2AE2021300499E1C /* HabitListViewController.swift in Sources */,
				FBC7BD532D752DF300F94E04 /* HabitDataService.swift in Sources */,
				FB2A2B372C8CBBE3003F31B2 /* Location.swift in Sources */,
				FB4CC9752D8EFDBE00A52B88 /* AccountConversionViewModel.swift in Sources */,
				FB23F3E82D3438C3006A4A16 /* Incentive.swift in Sources */,
				FB34FCC42AD837BE0032872E /* CameraView.swift in Sources */,
				FB2665BD2D0A0CB80025353D /* CheckInController.swift in Sources */,
				FB22A7B42AB7D49C00F63D42 /* AppDelegate.swift in Sources */,
				FB6E52772AE1FC9700499E1C /* HabitTableViewCell.swift in Sources */,
				FB2665B92CF55CE30025353D /* AppDelegateFactory.swift in Sources */,
				FB2665B42CF5466E0025353D /* CompositeAppDelegate.swift in Sources */,
				FBDE05192D29BD1D00C46EBB /* Level.swift in Sources */,
				FB23F3E42D343798006A4A16 /* TimeFormatter.swift in Sources */,
				FBC573E32D7A77A00063E90C /* OnboardingView.swift in Sources */,
				FBC573D52D789B490063E90C /* FirebaseManager.swift in Sources */,
				FBA7213D2AD5D52D00E3EC4F /* PreviewImageViewConstraints.swift in Sources */,
				FB0E0E6B2B7FB140003177AF /* AccountabilityViewController.swift in Sources */,
				FBC7BD292D6BB27800F94E04 /* ObjectDetectionViewController.swift in Sources */,
				FB8E9CCF2AF8823A0055DADC /* HabitData.swift in Sources */,
				FB22A7E82AB7E52E00F63D42 /* SignInViewModel.swift in Sources */,
				FBE946712ACF5D1100CA11ED /* PhotoTakenViewController.swift in Sources */,
				FB23F3E02D330D84006A4A16 /* CustomAlertViewController.swift in Sources */,
				FB22A7B62AB7D49C00F63D42 /* SceneDelegate.swift in Sources */,
				FB0E0E712B8142A9003177AF /* HabitCurrentLevelView.swift in Sources */,
				FB0E0E772B883A53003177AF /* ProgressionViewController.swift in Sources */,
				FB2A2B332C8BB0CA003F31B2 /* LocationAccountabilityViewController.swift in Sources */,
				FB23F3EB2D347F6B006A4A16 /* SelectCueViewController.swift in Sources */,
				FB6E52792AE1FCED00499E1C /* HabitListViewModel.swift in Sources */,
				FB8E9CCA2AF87EB20055DADC /* SingleHabitController.swift in Sources */,
				FB2A2B402CA60102003F31B2 /* GeofenceData.swift in Sources */,
				FB0E0E6F2B814143003177AF /* HabitProgressViewController.swift in Sources */,
				FB23F3F32D51698F006A4A16 /* MaowViewController.swift in Sources */,
				FB23F3EF2D4A7548006A4A16 /* FirstLaunchManager.swift in Sources */,
				FB6E52822AE3296500499E1C /* HabitEditingViewController.swift in Sources */,
				FB22A7F02AB7E64D00F63D42 /* SignInViewController.swift in Sources */,
				FB0E0E6D2B8117E9003177AF /* MurphyjitsuViewController.swift in Sources */,
				FBC573EA2D7CAC3E0063E90C /* ClosureGestureHandler.swift in Sources */,
				FB23F3E62D34389D006A4A16 /* AccountabilityMetric.swift in Sources */,
				FB22A7EA2AB7E56100F63D42 /* SignUpViewModel.swift in Sources */,
				FB2A2B352C8CAB0F003F31B2 /* LocationManager.swift in Sources */,
				FB8E9CD12AF8987A0055DADC /* UIConfiguration.swift in Sources */,
				FB22A7D72AB7E3A000F63D42 /* AppState.swift in Sources */,
				FBD216A62B3297780084F70B /* SelectTimeViewController.swift in Sources */,
				FBC7BD552D7533F300F94E04 /* HabitRepository.swift in Sources */,
				FBC573EC2D80810D0063E90C /* InteractionBlocker.swift in Sources */,
				FB6E52752AE1FC4D00499E1C /* Habit.swift in Sources */,
				FB22A7EE2AB7E5F700F63D42 /* SignUpViewController.swift in Sources */,
				FB61E8AC2D8B393F0012E7F4 /* CustomTransitions.swift in Sources */,
				FB22A7D22AB7DCD300F63D42 /* CameraController.swift in Sources */,
				FB23F3F52D550516006A4A16 /* GeofenceLogger.swift in Sources */,
				FBC7BD252D5E9A2300F94E04 /* MaowView.swift in Sources */,
				FB22A7F62AB7E7B200F63D42 /* SplashViewController.swift in Sources */,
				FBC7BD1F2D5C3A3000F94E04 /* ConfidenceViewController.swift in Sources */,
				FB23F3F12D51688A006A4A16 /* TabBarController.swift in Sources */,
				FB61E8AA2D8B0A010012E7F4 /* WelcomeViewModel.swift in Sources */,
				FB61E8A62D8A4EE10012E7F4 /* AccountConversionViewController.swift in Sources */,
				FB34FCB82AD824070032872E /* TimerModel.swift in Sources */,
				FB2665B22CF535C80025353D /* PushNotificationDelegate.swift in Sources */,
				FB8E9CCD2AF87FE10055DADC /* SelectHabitViewController.swift in Sources */,
				FB2A2B392C8D1708003F31B2 /* IncentivesViewController.swift in Sources */,
				FB61E8A02D88E62C0012E7F4 /* AppCoordinator.swift in Sources */,
				FBC573E82D7CA52D0063E90C /* TowerDefenseViewController.swift in Sources */,
				FB61E8A22D88E7F80012E7F4 /* OnboardingCoordinator.swift in Sources */,
				FB22A7DB2AB7E3D400F63D42 /* User.swift in Sources */,
				FB34FCBE2AD8369D0032872E /* CameraModel.swift in Sources */,
			);
			runOnlyForDeploymentPostprocessing = 0;
		};
		FBC7BD312D6F84CE00F94E04 /* Sources */ = {
			isa = PBXSourcesBuildPhase;
			buildActionMask = 2147483647;
			files = (
				FBC573DA2D789EDA0063E90C /* FirebaseInitializationTests.swift in Sources */,
				FBC7BD382D6F84CE00F94E04 /* RightNowTests.swift in Sources */,
				FBC573DE2D78D68F0063E90C /* MockHabitRepository.swift in Sources */,
				FBC573D82D789E9B0063E90C /* MockFirebaseManager.swift in Sources */,
				FBC573D32D77BED80063E90C /* HabitListViewModelTests.swift in Sources */,
				FBC573DC2D78A3020063E90C /* FatalErrorUtil.swift in Sources */,
			);
			runOnlyForDeploymentPostprocessing = 0;
		};
		FBC7BD3E2D6FC7F000F94E04 /* Sources */ = {
			isa = PBXSourcesBuildPhase;
			buildActionMask = 2147483647;
			files = (
			);
			runOnlyForDeploymentPostprocessing = 0;
		};
/* End PBXSourcesBuildPhase section */

/* Begin PBXTargetDependency section */
		FBC7BD3A2D6F84CE00F94E04 /* PBXTargetDependency */ = {
			isa = PBXTargetDependency;
			target = FB22A7AF2AB7D49C00F63D42 /* RightNow */;
			targetProxy = FBC7BD392D6F84CE00F94E04 /* PBXContainerItemProxy */;
		};
		FBC7BD472D6FC7F000F94E04 /* PBXTargetDependency */ = {
			isa = PBXTargetDependency;
			target = FB22A7AF2AB7D49C00F63D42 /* RightNow */;
			targetProxy = FBC7BD462D6FC7F000F94E04 /* PBXContainerItemProxy */;
		};
/* End PBXTargetDependency section */

/* Begin PBXVariantGroup section */
		FB22A7BE2AB7D49E00F63D42 /* LaunchScreen.storyboard */ = {
			isa = PBXVariantGroup;
			children = (
				FB22A7BF2AB7D49E00F63D42 /* Base */,
			);
			name = LaunchScreen.storyboard;
			sourceTree = "<group>";
		};
/* End PBXVariantGroup section */

/* Begin XCBuildConfiguration section */
		FB22A7C22AB7D49E00F63D42 /* Debug */ = {
			isa = XCBuildConfiguration;
			buildSettings = {
				ALWAYS_SEARCH_USER_PATHS = NO;
				CLANG_ANALYZER_NONNULL = YES;
				CLANG_ANALYZER_NUMBER_OBJECT_CONVERSION = YES_AGGRESSIVE;
				CLANG_CXX_LANGUAGE_STANDARD = "gnu++20";
				CLANG_ENABLE_MODULES = YES;
				CLANG_ENABLE_OBJC_ARC = YES;
				CLANG_ENABLE_OBJC_WEAK = YES;
				CLANG_WARN_BLOCK_CAPTURE_AUTORELEASING = YES;
				CLANG_WARN_BOOL_CONVERSION = YES;
				CLANG_WARN_COMMA = YES;
				CLANG_WARN_CONSTANT_CONVERSION = YES;
				CLANG_WARN_DEPRECATED_OBJC_IMPLEMENTATIONS = YES;
				CLANG_WARN_DIRECT_OBJC_ISA_USAGE = YES_ERROR;
				CLANG_WARN_DOCUMENTATION_COMMENTS = YES;
				CLANG_WARN_EMPTY_BODY = YES;
				CLANG_WARN_ENUM_CONVERSION = YES;
				CLANG_WARN_INFINITE_RECURSION = YES;
				CLANG_WARN_INT_CONVERSION = YES;
				CLANG_WARN_NON_LITERAL_NULL_CONVERSION = YES;
				CLANG_WARN_OBJC_IMPLICIT_RETAIN_SELF = YES;
				CLANG_WARN_OBJC_LITERAL_CONVERSION = YES;
				CLANG_WARN_OBJC_ROOT_CLASS = YES_ERROR;
				CLANG_WARN_QUOTED_INCLUDE_IN_FRAMEWORK_HEADER = YES;
				CLANG_WARN_RANGE_LOOP_ANALYSIS = YES;
				CLANG_WARN_STRICT_PROTOTYPES = YES;
				CLANG_WARN_SUSPICIOUS_MOVE = YES;
				CLANG_WARN_UNGUARDED_AVAILABILITY = YES_AGGRESSIVE;
				CLANG_WARN_UNREACHABLE_CODE = YES;
				CLANG_WARN__DUPLICATE_METHOD_MATCH = YES;
				COPY_PHASE_STRIP = NO;
				DEBUG_INFORMATION_FORMAT = dwarf;
				ENABLE_STRICT_OBJC_MSGSEND = YES;
				ENABLE_TESTABILITY = YES;
				GCC_C_LANGUAGE_STANDARD = gnu11;
				GCC_DYNAMIC_NO_PIC = NO;
				GCC_NO_COMMON_BLOCKS = YES;
				GCC_OPTIMIZATION_LEVEL = 0;
				GCC_PREPROCESSOR_DEFINITIONS = (
					"DEBUG=1",
					"$(inherited)",
				);
				GCC_WARN_64_TO_32_BIT_CONVERSION = YES;
				GCC_WARN_ABOUT_RETURN_TYPE = YES_ERROR;
				GCC_WARN_UNDECLARED_SELECTOR = YES;
				GCC_WARN_UNINITIALIZED_AUTOS = YES_AGGRESSIVE;
				GCC_WARN_UNUSED_FUNCTION = YES;
				GCC_WARN_UNUSED_VARIABLE = YES;
				IPHONEOS_DEPLOYMENT_TARGET = 16.4;
				MTL_ENABLE_DEBUG_INFO = INCLUDE_SOURCE;
				MTL_FAST_MATH = YES;
				ONLY_ACTIVE_ARCH = YES;
				SDKROOT = iphoneos;
				SWIFT_ACTIVE_COMPILATION_CONDITIONS = DEBUG;
				SWIFT_OPTIMIZATION_LEVEL = "-Onone";
			};
			name = Debug;
		};
		FB22A7C32AB7D49E00F63D42 /* Release */ = {
			isa = XCBuildConfiguration;
			buildSettings = {
				ALWAYS_SEARCH_USER_PATHS = NO;
				CLANG_ANALYZER_NONNULL = YES;
				CLANG_ANALYZER_NUMBER_OBJECT_CONVERSION = YES_AGGRESSIVE;
				CLANG_CXX_LANGUAGE_STANDARD = "gnu++20";
				CLANG_ENABLE_MODULES = YES;
				CLANG_ENABLE_OBJC_ARC = YES;
				CLANG_ENABLE_OBJC_WEAK = YES;
				CLANG_WARN_BLOCK_CAPTURE_AUTORELEASING = YES;
				CLANG_WARN_BOOL_CONVERSION = YES;
				CLANG_WARN_COMMA = YES;
				CLANG_WARN_CONSTANT_CONVERSION = YES;
				CLANG_WARN_DEPRECATED_OBJC_IMPLEMENTATIONS = YES;
				CLANG_WARN_DIRECT_OBJC_ISA_USAGE = YES_ERROR;
				CLANG_WARN_DOCUMENTATION_COMMENTS = YES;
				CLANG_WARN_EMPTY_BODY = YES;
				CLANG_WARN_ENUM_CONVERSION = YES;
				CLANG_WARN_INFINITE_RECURSION = YES;
				CLANG_WARN_INT_CONVERSION = YES;
				CLANG_WARN_NON_LITERAL_NULL_CONVERSION = YES;
				CLANG_WARN_OBJC_IMPLICIT_RETAIN_SELF = YES;
				CLANG_WARN_OBJC_LITERAL_CONVERSION = YES;
				CLANG_WARN_OBJC_ROOT_CLASS = YES_ERROR;
				CLANG_WARN_QUOTED_INCLUDE_IN_FRAMEWORK_HEADER = YES;
				CLANG_WARN_RANGE_LOOP_ANALYSIS = YES;
				CLANG_WARN_STRICT_PROTOTYPES = YES;
				CLANG_WARN_SUSPICIOUS_MOVE = YES;
				CLANG_WARN_UNGUARDED_AVAILABILITY = YES_AGGRESSIVE;
				CLANG_WARN_UNREACHABLE_CODE = YES;
				CLANG_WARN__DUPLICATE_METHOD_MATCH = YES;
				COPY_PHASE_STRIP = NO;
				DEBUG_INFORMATION_FORMAT = "dwarf-with-dsym";
				ENABLE_NS_ASSERTIONS = NO;
				ENABLE_STRICT_OBJC_MSGSEND = YES;
				GCC_C_LANGUAGE_STANDARD = gnu11;
				GCC_NO_COMMON_BLOCKS = YES;
				GCC_WARN_64_TO_32_BIT_CONVERSION = YES;
				GCC_WARN_ABOUT_RETURN_TYPE = YES_ERROR;
				GCC_WARN_UNDECLARED_SELECTOR = YES;
				GCC_WARN_UNINITIALIZED_AUTOS = YES_AGGRESSIVE;
				GCC_WARN_UNUSED_FUNCTION = YES;
				GCC_WARN_UNUSED_VARIABLE = YES;
				IPHONEOS_DEPLOYMENT_TARGET = 16.4;
				MTL_ENABLE_DEBUG_INFO = NO;
				MTL_FAST_MATH = YES;
				SDKROOT = iphoneos;
				SWIFT_COMPILATION_MODE = wholemodule;
				SWIFT_OPTIMIZATION_LEVEL = "-O";
				VALIDATE_PRODUCT = YES;
			};
			name = Release;
		};
		FB22A7C52AB7D49E00F63D42 /* Debug */ = {
			isa = XCBuildConfiguration;
			baseConfigurationReference = 1B6C9CF79E819CBC9C322291 /* Pods-RightNow.debug.xcconfig */;
			buildSettings = {
				ASSETCATALOG_COMPILER_APPICON_NAME = AppIcon;
				ASSETCATALOG_COMPILER_GLOBAL_ACCENT_COLOR_NAME = AccentColor;
				CODE_SIGN_ENTITLEMENTS = RightNow/RightNow.entitlements;
				CODE_SIGN_STYLE = Automatic;
				CURRENT_PROJECT_VERSION = 1;
				DEVELOPMENT_TEAM = 969BFJ8RVF;
				GENERATE_INFOPLIST_FILE = YES;
				INFOPLIST_FILE = RightNow/Info.plist;
				INFOPLIST_KEY_NSCalendarsUsageDescription = "";
				INFOPLIST_KEY_NSCameraUsageDescription = "";
				INFOPLIST_KEY_NSContactsUsageDescription = "";
				INFOPLIST_KEY_NSFaceIDUsageDescription = "Sign in with Face ID";
				INFOPLIST_KEY_NSHealthShareUsageDescription = "When you choose to track a habit with your location, we check your GPS to see if you're in the location for the habit during the time you've indicated. When your authorization is set to only when in use, you'll have to log onto RightNow for us to track your habit.";
				INFOPLIST_KEY_NSLocationAlwaysAndWhenInUseUsageDescription = "When you choose to track a habit with your location, we check your GPS to see if you're in the location for the habit during the time you've indicated";
				INFOPLIST_KEY_NSLocationAlwaysUsageDescription = "When you choose to track a habit with your location, we check your GPS to see if you're in the location for the habit during the time you've indicated";
				INFOPLIST_KEY_UIApplicationSupportsIndirectInputEvents = YES;
				INFOPLIST_KEY_UILaunchStoryboardName = LaunchScreen;
				INFOPLIST_KEY_UISupportedInterfaceOrientations_iPad = "UIInterfaceOrientationPortrait UIInterfaceOrientationPortraitUpsideDown UIInterfaceOrientationLandscapeLeft UIInterfaceOrientationLandscapeRight";
				INFOPLIST_KEY_UISupportedInterfaceOrientations_iPhone = "UIInterfaceOrientationPortrait UIInterfaceOrientationLandscapeLeft UIInterfaceOrientationLandscapeRight";
				IPHONEOS_DEPLOYMENT_TARGET = 15.0;
				LD_RUNPATH_SEARCH_PATHS = (
					"$(inherited)",
					"@executable_path/Frameworks",
				);
				MARKETING_VERSION = 1.0;
				PRODUCT_BUNDLE_IDENTIFIER = com.catherinecshi.RightNow;
				PRODUCT_NAME = "$(TARGET_NAME)";
				SWIFT_EMIT_LOC_STRINGS = YES;
				SWIFT_VERSION = 5.0;
				TARGETED_DEVICE_FAMILY = "1,2";
			};
			name = Debug;
		};
		FB22A7C62AB7D49E00F63D42 /* Release */ = {
			isa = XCBuildConfiguration;
			baseConfigurationReference = CACDF7910D2627E81BAEDD21 /* Pods-RightNow.release.xcconfig */;
			buildSettings = {
				ASSETCATALOG_COMPILER_APPICON_NAME = AppIcon;
				ASSETCATALOG_COMPILER_GLOBAL_ACCENT_COLOR_NAME = AccentColor;
				CODE_SIGN_ENTITLEMENTS = RightNow/RightNow.entitlements;
				CODE_SIGN_STYLE = Automatic;
				CURRENT_PROJECT_VERSION = 1;
				DEVELOPMENT_TEAM = 969BFJ8RVF;
				GENERATE_INFOPLIST_FILE = YES;
				INFOPLIST_FILE = RightNow/Info.plist;
				INFOPLIST_KEY_NSCalendarsUsageDescription = "";
				INFOPLIST_KEY_NSCameraUsageDescription = "";
				INFOPLIST_KEY_NSContactsUsageDescription = "";
				INFOPLIST_KEY_NSFaceIDUsageDescription = "Sign in with Face ID";
				INFOPLIST_KEY_NSHealthShareUsageDescription = "When you choose to track a habit with your location, we check your GPS to see if you're in the location for the habit during the time you've indicated. When your authorization is set to only when in use, you'll have to log onto RightNow for us to track your habit.";
				INFOPLIST_KEY_NSLocationAlwaysAndWhenInUseUsageDescription = "When you choose to track a habit with your location, we check your GPS to see if you're in the location for the habit during the time you've indicated";
				INFOPLIST_KEY_NSLocationAlwaysUsageDescription = "When you choose to track a habit with your location, we check your GPS to see if you're in the location for the habit during the time you've indicated";
				INFOPLIST_KEY_UIApplicationSupportsIndirectInputEvents = YES;
				INFOPLIST_KEY_UILaunchStoryboardName = LaunchScreen;
				INFOPLIST_KEY_UISupportedInterfaceOrientations_iPad = "UIInterfaceOrientationPortrait UIInterfaceOrientationPortraitUpsideDown UIInterfaceOrientationLandscapeLeft UIInterfaceOrientationLandscapeRight";
				INFOPLIST_KEY_UISupportedInterfaceOrientations_iPhone = "UIInterfaceOrientationPortrait UIInterfaceOrientationLandscapeLeft UIInterfaceOrientationLandscapeRight";
				IPHONEOS_DEPLOYMENT_TARGET = 15.0;
				LD_RUNPATH_SEARCH_PATHS = (
					"$(inherited)",
					"@executable_path/Frameworks",
				);
				MARKETING_VERSION = 1.0;
				PRODUCT_BUNDLE_IDENTIFIER = com.catherinecshi.RightNow;
				PRODUCT_NAME = "$(TARGET_NAME)";
				SWIFT_EMIT_LOC_STRINGS = YES;
				SWIFT_VERSION = 5.0;
				TARGETED_DEVICE_FAMILY = "1,2";
			};
			name = Release;
		};
		FBC7BD3C2D6F84CE00F94E04 /* Debug */ = {
			isa = XCBuildConfiguration;
			buildSettings = {
				ASSETCATALOG_COMPILER_GENERATE_SWIFT_ASSET_SYMBOL_EXTENSIONS = YES;
				BUNDLE_LOADER = "$(TEST_HOST)";
				CODE_SIGN_STYLE = Automatic;
				CURRENT_PROJECT_VERSION = 1;
				DEVELOPMENT_TEAM = 969BFJ8RVF;
				ENABLE_USER_SCRIPT_SANDBOXING = YES;
				GCC_C_LANGUAGE_STANDARD = gnu17;
				GENERATE_INFOPLIST_FILE = YES;
				IPHONEOS_DEPLOYMENT_TARGET = 17.2;
				LOCALIZATION_PREFERS_STRING_CATALOGS = YES;
				MARKETING_VERSION = 1.0;
				PRODUCT_BUNDLE_IDENTIFIER = com.catherinecshi.RightNowTests;
				PRODUCT_NAME = "$(TARGET_NAME)";
				SWIFT_ACTIVE_COMPILATION_CONDITIONS = "DEBUG $(inherited)";
				SWIFT_EMIT_LOC_STRINGS = NO;
				SWIFT_VERSION = 5.0;
				TARGETED_DEVICE_FAMILY = "1,2";
				TEST_HOST = "$(BUILT_PRODUCTS_DIR)/RightNow.app/$(BUNDLE_EXECUTABLE_FOLDER_PATH)/RightNow";
			};
			name = Debug;
		};
		FBC7BD3D2D6F84CE00F94E04 /* Release */ = {
			isa = XCBuildConfiguration;
			buildSettings = {
				ASSETCATALOG_COMPILER_GENERATE_SWIFT_ASSET_SYMBOL_EXTENSIONS = YES;
				BUNDLE_LOADER = "$(TEST_HOST)";
				CODE_SIGN_STYLE = Automatic;
				CURRENT_PROJECT_VERSION = 1;
				DEVELOPMENT_TEAM = 969BFJ8RVF;
				ENABLE_USER_SCRIPT_SANDBOXING = YES;
				GCC_C_LANGUAGE_STANDARD = gnu17;
				GENERATE_INFOPLIST_FILE = YES;
				IPHONEOS_DEPLOYMENT_TARGET = 17.2;
				LOCALIZATION_PREFERS_STRING_CATALOGS = YES;
				MARKETING_VERSION = 1.0;
				PRODUCT_BUNDLE_IDENTIFIER = com.catherinecshi.RightNowTests;
				PRODUCT_NAME = "$(TARGET_NAME)";
				SWIFT_EMIT_LOC_STRINGS = NO;
				SWIFT_VERSION = 5.0;
				TARGETED_DEVICE_FAMILY = "1,2";
				TEST_HOST = "$(BUILT_PRODUCTS_DIR)/RightNow.app/$(BUNDLE_EXECUTABLE_FOLDER_PATH)/RightNow";
			};
			name = Release;
		};
		FBC7BD492D6FC7F000F94E04 /* Debug */ = {
			isa = XCBuildConfiguration;
			buildSettings = {
				ASSETCATALOG_COMPILER_GENERATE_SWIFT_ASSET_SYMBOL_EXTENSIONS = YES;
				BUNDLE_LOADER = "$(TEST_HOST)";
				CLANG_ENABLE_MODULES = YES;
				CODE_SIGN_STYLE = Automatic;
				CURRENT_PROJECT_VERSION = 1;
				DEVELOPMENT_TEAM = 969BFJ8RVF;
				ENABLE_USER_SCRIPT_SANDBOXING = YES;
				GCC_C_LANGUAGE_STANDARD = gnu17;
				GENERATE_INFOPLIST_FILE = YES;
				IPHONEOS_DEPLOYMENT_TARGET = 17.2;
				LOCALIZATION_PREFERS_STRING_CATALOGS = YES;
				MARKETING_VERSION = 1.0;
				PRODUCT_BUNDLE_IDENTIFIER = com.catherinecshi.HabitListModelTests;
				PRODUCT_NAME = "$(TARGET_NAME)";
				SWIFT_ACTIVE_COMPILATION_CONDITIONS = "DEBUG $(inherited)";
				SWIFT_EMIT_LOC_STRINGS = NO;
				SWIFT_OBJC_BRIDGING_HEADER = "HabitListModelTests/HabitListModelTests-Bridging-Header.h";
				SWIFT_OPTIMIZATION_LEVEL = "-Onone";
				SWIFT_VERSION = 5.0;
				TARGETED_DEVICE_FAMILY = "1,2";
				TEST_HOST = "$(BUILT_PRODUCTS_DIR)/RightNow.app/$(BUNDLE_EXECUTABLE_FOLDER_PATH)/RightNow";
			};
			name = Debug;
		};
		FBC7BD4A2D6FC7F000F94E04 /* Release */ = {
			isa = XCBuildConfiguration;
			buildSettings = {
				ASSETCATALOG_COMPILER_GENERATE_SWIFT_ASSET_SYMBOL_EXTENSIONS = YES;
				BUNDLE_LOADER = "$(TEST_HOST)";
				CLANG_ENABLE_MODULES = YES;
				CODE_SIGN_STYLE = Automatic;
				CURRENT_PROJECT_VERSION = 1;
				DEVELOPMENT_TEAM = 969BFJ8RVF;
				ENABLE_USER_SCRIPT_SANDBOXING = YES;
				GCC_C_LANGUAGE_STANDARD = gnu17;
				GENERATE_INFOPLIST_FILE = YES;
				IPHONEOS_DEPLOYMENT_TARGET = 17.2;
				LOCALIZATION_PREFERS_STRING_CATALOGS = YES;
				MARKETING_VERSION = 1.0;
				PRODUCT_BUNDLE_IDENTIFIER = com.catherinecshi.HabitListModelTests;
				PRODUCT_NAME = "$(TARGET_NAME)";
				SWIFT_EMIT_LOC_STRINGS = NO;
				SWIFT_OBJC_BRIDGING_HEADER = "HabitListModelTests/HabitListModelTests-Bridging-Header.h";
				SWIFT_VERSION = 5.0;
				TARGETED_DEVICE_FAMILY = "1,2";
				TEST_HOST = "$(BUILT_PRODUCTS_DIR)/RightNow.app/$(BUNDLE_EXECUTABLE_FOLDER_PATH)/RightNow";
			};
			name = Release;
		};
/* End XCBuildConfiguration section */

/* Begin XCConfigurationList section */
		FB22A7AB2AB7D49C00F63D42 /* Build configuration list for PBXProject "RightNow" */ = {
			isa = XCConfigurationList;
			buildConfigurations = (
				FB22A7C22AB7D49E00F63D42 /* Debug */,
				FB22A7C32AB7D49E00F63D42 /* Release */,
			);
			defaultConfigurationIsVisible = 0;
			defaultConfigurationName = Release;
		};
		FB22A7C42AB7D49E00F63D42 /* Build configuration list for PBXNativeTarget "RightNow" */ = {
			isa = XCConfigurationList;
			buildConfigurations = (
				FB22A7C52AB7D49E00F63D42 /* Debug */,
				FB22A7C62AB7D49E00F63D42 /* Release */,
			);
			defaultConfigurationIsVisible = 0;
			defaultConfigurationName = Release;
		};
		FBC7BD3B2D6F84CE00F94E04 /* Build configuration list for PBXNativeTarget "RightNowTests" */ = {
			isa = XCConfigurationList;
			buildConfigurations = (
				FBC7BD3C2D6F84CE00F94E04 /* Debug */,
				FBC7BD3D2D6F84CE00F94E04 /* Release */,
			);
			defaultConfigurationIsVisible = 0;
			defaultConfigurationName = Release;
		};
		FBC7BD482D6FC7F000F94E04 /* Build configuration list for PBXNativeTarget "HabitListModelTests" */ = {
			isa = XCConfigurationList;
			buildConfigurations = (
				FBC7BD492D6FC7F000F94E04 /* Debug */,
				FBC7BD4A2D6FC7F000F94E04 /* Release */,
			);
			defaultConfigurationIsVisible = 0;
			defaultConfigurationName = Release;
		};
/* End XCConfigurationList section */

/* Begin XCRemoteSwiftPackageReference section */
		FB22A7E22AB7E4CD00F63D42 /* XCRemoteSwiftPackageReference "firebase-ios-sdk" */ = {
			isa = XCRemoteSwiftPackageReference;
			repositoryURL = "https://github.com/firebase/firebase-ios-sdk";
			requirement = {
				kind = upToNextMajorVersion;
				minimumVersion = 10.0.0;
			};
		};
		FB61E8AD2D8CB9D80012E7F4 /* XCRemoteSwiftPackageReference "GoogleSignIn-iOS" */ = {
			isa = XCRemoteSwiftPackageReference;
			repositoryURL = "https://github.com/google/GoogleSignIn-iOS";
			requirement = {
				kind = upToNextMajorVersion;
				minimumVersion = 7.0.0;
			};
		};
/* End XCRemoteSwiftPackageReference section */
	};
	rootObject = FB22A7A82AB7D49C00F63D42 /* Project object */;
}
